
Microsoft Visual Studio Solution File, Format Version 12.00
# Visual Studio 15
VisualStudioVersion = 15.0.28307.421
MinimumVisualStudioVersion = 10.0.40219.1
Project("{FAE04EC0-301F-11D3-BF4B-00C04F79EFBC}") = "MyConsoleApp", "MyConsoleApp\MyConsoleApp.csproj", "{64DDC485-EDAE-4C18-A0A6-796EE605D0D8}"
EndProject
Global
	GlobalSection(SolutionConfigurationPlatforms) = preSolution
		Debug|Any CPU = Debug|Any CPU
		Release|Any CPU = Release|Any CPU
	EndGlobalSection
	GlobalSection(ProjectConfigurationPlatforms) = postSolution
		{64DDC485-EDAE-4C18-A0A6-796EE605D0D8}.Debug|Any CPU.ActiveCfg = Debug|Any CPU
		{64DDC485-EDAE-4C18-A0A6-796EE605D0D8}.Debug|Any CPU.Build.0 = Debug|Any CPU
		{64DDC485-EDAE-4C18-A0A6-796EE605D0D8}.Release|Any CPU.ActiveCfg = Release|Any CPU
		{64DDC485-EDAE-4C18-A0A6-796EE605D0D8}.Release|Any CPU.Build.0 = Release|Any CPU
	EndGlobalSection
	GlobalSection(SolutionProperties) = preSolution
		HideSolutionNode = FALSE
	EndGlobalSection
	GlobalSection(ExtensibilityGlobals) = postSolution
		SolutionGuid = {3D7CB753-C45D-451D-82C7-DEFD1B30C635}
	EndGlobalSection
EndGlobal
